
Microsoft Visual Studio Solution File, Format Version 12.00

Project("{8BC9CEB8-8B4A-11D0-8D11-00A0C91BC942}") = "libvorbis", "libvorbis.vcxproj", "{E4CCBFE2-5DC2-44B2-92A8-447EFE6DDB6E}"
	ProjectSection(ProjectDependencies) = postProject
		{1C2315EC-E08C-4E8F-AD66-917DC9C30B98} = {1C2315EC-E08C-4E8F-AD66-917DC9C30B98}
	EndProjectSection
EndProject
Project("{2150E333-8FDC-42A3-9474-1A3956D46DE8}") = "dependencies", "dependencies", "{EEFBE96B-C4B2-4458-A680-379A84126CCA}"
EndProject
Project("{8BC9CEB8-8B4A-11D0-8D11-00A0C91BC942}") = "libogg", "..\..\ogg\SMP\libogg.vcxproj", "{1C2315EC-E08C-4E8F-AD66-917DC9C30B98}"
EndProject
Global
	GlobalSection(SolutionConfigurationPlatforms) = preSolution
		Debug|Win32 = Debug|Win32
		Debug|x64 = Debug|x64
		DebugDLL|Win32 = DebugDLL|Win32
		DebugDLL|x64 = DebugDLL|x64
		DebugDLLSharedDeps|Win32 = DebugDLLSharedDeps|Win32
		DebugDLLSharedDeps|x64 = DebugDLLSharedDeps|x64
		Release|Win32 = Release|Win32
		Release|x64 = Release|x64
		ReleaseDLL|Win32 = ReleaseDLL|Win32
		ReleaseDLL|x64 = ReleaseDLL|x64
		ReleaseDLLSharedDeps|Win32 = ReleaseDLLSharedDeps|Win32
		ReleaseDLLSharedDeps|x64 = ReleaseDLLSharedDeps|x64
		ReleaseLTO|Win32 = ReleaseLTO|Win32
		ReleaseLTO|x64 = ReleaseLTO|x64
	EndGlobalSection
	GlobalSection(ProjectConfigurationPlatforms) = postSolution
		{E4CCBFE2-5DC2-44B2-92A8-447EFE6DDB6E}.Debug|Win32.ActiveCfg = Debug|Win32
		{E4CCBFE2-5DC2-44B2-92A8-447EFE6DDB6E}.Debug|Win32.Build.0 = Debug|Win32
		{E4CCBFE2-5DC2-44B2-92A8-447EFE6DDB6E}.Debug|x64.ActiveCfg = Debug|x64
		{E4CCBFE2-5DC2-44B2-92A8-447EFE6DDB6E}.Debug|x64.Build.0 = Debug|x64
		{E4CCBFE2-5DC2-44B2-92A8-447EFE6DDB6E}.DebugDLL|Win32.ActiveCfg = DebugDLL|Win32
		{E4CCBFE2-5DC2-44B2-92A8-447EFE6DDB6E}.DebugDLL|Win32.Build.0 = DebugDLL|Win32
		{E4CCBFE2-5DC2-44B2-92A8-447EFE6DDB6E}.DebugDLL|x64.ActiveCfg = DebugDLL|x64
		{E4CCBFE2-5DC2-44B2-92A8-447EFE6DDB6E}.DebugDLL|x64.Build.0 = DebugDLL|x64
		{E4CCBFE2-5DC2-44B2-92A8-447EFE6DDB6E}.DebugDLLSharedDeps|Win32.ActiveCfg = DebugDLLStaticDeps|Win32
		{E4CCBFE2-5DC2-44B2-92A8-447EFE6DDB6E}.DebugDLLSharedDeps|Win32.Build.0 = DebugDLLStaticDeps|Win32
		{E4CCBFE2-5DC2-44B2-92A8-447EFE6DDB6E}.DebugDLLSharedDeps|x64.ActiveCfg = DebugDLLStaticDeps|x64
		{E4CCBFE2-5DC2-44B2-92A8-447EFE6DDB6E}.DebugDLLSharedDeps|x64.Build.0 = DebugDLLStaticDeps|x64
		{E4CCBFE2-5DC2-44B2-92A8-447EFE6DDB6E}.Release|Win32.ActiveCfg = Release|Win32
		{E4CCBFE2-5DC2-44B2-92A8-447EFE6DDB6E}.Release|Win32.Build.0 = Release|Win32
		{E4CCBFE2-5DC2-44B2-92A8-447EFE6DDB6E}.Release|x64.ActiveCfg = Release|x64
		{E4CCBFE2-5DC2-44B2-92A8-447EFE6DDB6E}.Release|x64.Build.0 = Release|x64
		{E4CCBFE2-5DC2-44B2-92A8-447EFE6DDB6E}.ReleaseDLL|Win32.ActiveCfg = ReleaseDLL|Win32
		{E4CCBFE2-5DC2-44B2-92A8-447EFE6DDB6E}.ReleaseDLL|Win32.Build.0 = ReleaseDLL|Win32
		{E4CCBFE2-5DC2-44B2-92A8-447EFE6DDB6E}.ReleaseDLL|x64.ActiveCfg = ReleaseDLL|x64
		{E4CCBFE2-5DC2-44B2-92A8-447EFE6DDB6E}.ReleaseDLL|x64.Build.0 = ReleaseDLL|x64
		{E4CCBFE2-5DC2-44B2-92A8-447EFE6DDB6E}.ReleaseDLLSharedDeps|Win32.ActiveCfg = ReleaseDLLStaticDeps|Win32
		{E4CCBFE2-5DC2-44B2-92A8-447EFE6DDB6E}.ReleaseDLLSharedDeps|Win32.Build.0 = ReleaseDLLStaticDeps|Win32
		{E4CCBFE2-5DC2-44B2-92A8-447EFE6DDB6E}.ReleaseDLLSharedDeps|x64.ActiveCfg = ReleaseDLLStaticDeps|x64
		{E4CCBFE2-5DC2-44B2-92A8-447EFE6DDB6E}.ReleaseDLLSharedDeps|x64.Build.0 = ReleaseDLLStaticDeps|x64
		{E4CCBFE2-5DC2-44B2-92A8-447EFE6DDB6E}.ReleaseLTO|Win32.ActiveCfg = ReleaseLTO|Win32
		{E4CCBFE2-5DC2-44B2-92A8-447EFE6DDB6E}.ReleaseLTO|Win32.Build.0 = ReleaseLTO|Win32
		{E4CCBFE2-5DC2-44B2-92A8-447EFE6DDB6E}.ReleaseLTO|x64.ActiveCfg = ReleaseLTO|x64
		{E4CCBFE2-5DC2-44B2-92A8-447EFE6DDB6E}.ReleaseLTO|x64.Build.0 = ReleaseLTO|x64
		{1C2315EC-E08C-4E8F-AD66-917DC9C30B98}.Debug|Win32.ActiveCfg = Debug|Win32
		{1C2315EC-E08C-4E8F-AD66-917DC9C30B98}.Debug|Win32.Build.0 = Debug|Win32
		{1C2315EC-E08C-4E8F-AD66-917DC9C30B98}.Debug|x64.ActiveCfg = Debug|x64
		{1C2315EC-E08C-4E8F-AD66-917DC9C30B98}.Debug|x64.Build.0 = Debug|x64
		{1C2315EC-E08C-4E8F-AD66-917DC9C30B98}.DebugDLL|Win32.ActiveCfg = DebugDLL|Win32
		{1C2315EC-E08C-4E8F-AD66-917DC9C30B98}.DebugDLL|Win32.Build.0 = DebugDLL|Win32
		{1C2315EC-E08C-4E8F-AD66-917DC9C30B98}.DebugDLL|x64.ActiveCfg = DebugDLL|x64
		{1C2315EC-E08C-4E8F-AD66-917DC9C30B98}.DebugDLL|x64.Build.0 = DebugDLL|x64
		{1C2315EC-E08C-4E8F-AD66-917DC9C30B98}.DebugDLLSharedDeps|Win32.ActiveCfg = DebugDLL|Win32
		{1C2315EC-E08C-4E8F-AD66-917DC9C30B98}.DebugDLLSharedDeps|Win32.Build.0 = DebugDLL|Win32
		{1C2315EC-E08C-4E8F-AD66-917DC9C30B98}.DebugDLLSharedDeps|x64.ActiveCfg = DebugDLL|x64
		{1C2315EC-E08C-4E8F-AD66-917DC9C30B98}.DebugDLLSharedDeps|x64.Build.0 = DebugDLL|x64
		{1C2315EC-E08C-4E8F-AD66-917DC9C30B98}.Release|Win32.ActiveCfg = Release|Win32
		{1C2315EC-E08C-4E8F-AD66-917DC9C30B98}.Release|Win32.Build.0 = Release|Win32
		{1C2315EC-E08C-4E8F-AD66-917DC9C30B98}.Release|x64.ActiveCfg = Release|x64
		{1C2315EC-E08C-4E8F-AD66-917DC9C30B98}.Release|x64.Build.0 = Release|x64
		{1C2315EC-E08C-4E8F-AD66-917DC9C30B98}.ReleaseDLL|Win32.ActiveCfg = ReleaseDLL|Win32
		{1C2315EC-E08C-4E8F-AD66-917DC9C30B98}.ReleaseDLL|Win32.Build.0 = ReleaseDLL|Win32
		{1C2315EC-E08C-4E8F-AD66-917DC9C30B98}.ReleaseDLL|x64.ActiveCfg = ReleaseDLL|x64
		{1C2315EC-E08C-4E8F-AD66-917DC9C30B98}.ReleaseDLL|x64.Build.0 = ReleaseDLL|x64
		{1C2315EC-E08C-4E8F-AD66-917DC9C30B98}.ReleaseDLLSharedDeps|Win32.ActiveCfg = ReleaseDLL|Win32
		{1C2315EC-E08C-4E8F-AD66-917DC9C30B98}.ReleaseDLLSharedDeps|Win32.Build.0 = ReleaseDLL|Win32
		{1C2315EC-E08C-4E8F-AD66-917DC9C30B98}.ReleaseDLLSharedDeps|x64.ActiveCfg = ReleaseDLL|x64
		{1C2315EC-E08C-4E8F-AD66-917DC9C30B98}.ReleaseDLLSharedDeps|x64.Build.0 = ReleaseDLL|x64
		{1C2315EC-E08C-4E8F-AD66-917DC9C30B98}.ReleaseLTO|Win32.ActiveCfg = ReleaseLTO|Win32
		{1C2315EC-E08C-4E8F-AD66-917DC9C30B98}.ReleaseLTO|Win32.Build.0 = ReleaseLTO|Win32
		{1C2315EC-E08C-4E8F-AD66-917DC9C30B98}.ReleaseLTO|x64.ActiveCfg = ReleaseLTO|x64
		{1C2315EC-E08C-4E8F-AD66-917DC9C30B98}.ReleaseLTO|x64.Build.0 = ReleaseLTO|x64
	EndGlobalSection
	GlobalSection(SolutionProperties) = preSolution
		HideSolutionNode = FALSE
	EndGlobalSection
	GlobalSection(NestedProjects) = preSolution
		{1C2315EC-E08C-4E8F-AD66-917DC9C30B98} = {EEFBE96B-C4B2-4458-A680-379A84126CCA}
	EndGlobalSection
EndGlobal
